// !$*UTF8*$!
{
	archiveVersion = 1;
	classes = {
	};
	objectVersion = 50;
	objects = {

/* Begin PBXBuildFile section */
		93440D2123B722A0003CF94D /* AppDelegate.m in Sources */ = {isa = PBXBuildFile; fileRef = 93440D2023B722A0003CF94D /* AppDelegate.m */; };
		93440D2C23B722A1003CF94D /* Assets.xcassets in Resources */ = {isa = PBXBuildFile; fileRef = 93440D2B23B722A1003CF94D /* Assets.xcassets */; };
		93440D2F23B722A1003CF94D /* LaunchScreen.storyboard in Resources */ = {isa = PBXBuildFile; fileRef = 93440D2D23B722A1003CF94D /* LaunchScreen.storyboard */; };
		93440D3223B722A1003CF94D /* main.m in Sources */ = {isa = PBXBuildFile; fileRef = 93440D3123B722A1003CF94D /* main.m */; };
		93440D3B23B72315003CF94D /* Reachability.m in Sources */ = {isa = PBXBuildFile; fileRef = 93440D3923B72315003CF94D /* Reachability.m */; };
		93440D3F23B72343003CF94D /* ViewController.m in Sources */ = {isa = PBXBuildFile; fileRef = 93440D3D23B72343003CF94D /* ViewController.m */; };
		93440D4023B72343003CF94D /* ViewController.xib in Resources */ = {isa = PBXBuildFile; fileRef = 93440D3E23B72343003CF94D /* ViewController.xib */; };
		93EFF43323B786BF00A4BC67 /* NetViewController.m in Sources */ = {isa = PBXBuildFile; fileRef = 93EFF43123B786BF00A4BC67 /* NetViewController.m */; };
/* End PBXBuildFile section */

/* Begin PBXFileReference section */
		93440D1C23B722A0003CF94D /* GeekDemo.app */ = {isa = PBXFileReference; explicitFileType = wrapper.application; includeInIndex = 0; path = GeekDemo.app; sourceTree = BUILT_PRODUCTS_DIR; };
		93440D1F23B722A0003CF94D /* AppDelegate.h */ = {isa = PBXFileReference; lastKnownFileType = sourcecode.c.h; path = AppDelegate.h; sourceTree = "<group>"; };
		93440D2023B722A0003CF94D /* AppDelegate.m */ = {isa = PBXFileReference; lastKnownFileType = sourcecode.c.objc; path = AppDelegate.m; sourceTree = "<group>"; };
		93440D2B23B722A1003CF94D /* Assets.xcassets */ = {isa = PBXFileReference; lastKnownFileType = folder.assetcatalog; path = Assets.xcassets; sourceTree = "<group>"; };
		93440D2E23B722A1003CF94D /* Base */ = {isa = PBXFileReference; lastKnownFileType = file.storyboard; name = Base; path = Base.lproj/LaunchScreen.storyboard; sourceTree = "<group>"; };
		93440D3023B722A1003CF94D /* Info.plist */ = {isa = PBXFileReference; lastKnownFileType = text.plist.xml; path = Info.plist; sourceTree = "<group>"; };
		93440D3123B722A1003CF94D /* main.m */ = {isa = PBXFileReference; lastKnownFileType = sourcecode.c.objc; path = main.m; sourceTree = "<group>"; };
		93440D3923B72315003CF94D /* Reachability.m */ = {isa = PBXFileReference; fileEncoding = 4; lastKnownFileType = sourcecode.c.objc; path = Reachability.m; sourceTree = "<group>"; };
		93440D3A23B72315003CF94D /* Reachability.h */ = {isa = PBXFileReference; fileEncoding = 4; lastKnownFileType = sourcecode.c.h; path = Reachability.h; sourceTree = "<group>"; };
		93440D3C23B72343003CF94D /* ViewController.h */ = {isa = PBXFileReference; lastKnownFileType = sourcecode.c.h; path = ViewController.h; sourceTree = "<group>"; };
		93440D3D23B72343003CF94D /* ViewController.m */ = {isa = PBXFileReference; lastKnownFileType = sourcecode.c.objc; path = ViewController.m; sourceTree = "<group>"; };
		93440D3E23B72343003CF94D /* ViewController.xib */ = {isa = PBXFileReference; lastKnownFileType = file.xib; path = ViewController.xib; sourceTree = "<group>"; };
		93EFF43023B786BF00A4BC67 /* NetViewController.h */ = {isa = PBXFileReference; lastKnownFileType = sourcecode.c.h; path = NetViewController.h; sourceTree = "<group>"; };
		93EFF43123B786BF00A4BC67 /* NetViewController.m */ = {isa = PBXFileReference; lastKnownFileType = sourcecode.c.objc; path = NetViewController.m; sourceTree = "<group>"; };
/* End PBXFileReference section */

/* Begin PBXFrameworksBuildPhase section */
		93440D1923B722A0003CF94D /* Frameworks */ = {
			isa = PBXFrameworksBuildPhase;
			buildActionMask = 2147483647;
			files = (
			);
			runOnlyForDeploymentPostprocessing = 0;
		};
/* End PBXFrameworksBuildPhase section */

/* Begin PBXGroup section */
		93440D1323B722A0003CF94D = {
			isa = PBXGroup;
			children = (
				93440D1E23B722A0003CF94D /* GeekDemo */,
				93440D1D23B722A0003CF94D /* Products */,
			);
			sourceTree = "<group>";
		};
		93440D1D23B722A0003CF94D /* Products */ = {
			isa = PBXGroup;
			children = (
				93440D1C23B722A0003CF94D /* GeekDemo.app */,
			);
			name = Products;
			sourceTree = "<group>";
		};
		93440D1E23B722A0003CF94D /* GeekDemo */ = {
			isa = PBXGroup;
			children = (
				93440D3823B72315003CF94D /* Reachability */,
				93440D1F23B722A0003CF94D /* AppDelegate.h */,
				93440D2023B722A0003CF94D /* AppDelegate.m */,
				93440D3C23B72343003CF94D /* ViewController.h */,
				93440D3D23B72343003CF94D /* ViewController.m */,
				93440D3E23B72343003CF94D /* ViewController.xib */,
				93440D2B23B722A1003CF94D /* Assets.xcassets */,
				93440D2D23B722A1003CF94D /* LaunchScreen.storyboard */,
				93440D3023B722A1003CF94D /* Info.plist */,
				93440D3123B722A1003CF94D /* main.m */,
			);
			path = GeekDemo;
			sourceTree = "<group>";
		};
		93440D3823B72315003CF94D /* Reachability */ = {
			isa = PBXGroup;
			children = (
				93440D3923B72315003CF94D /* Reachability.m */,
				93440D3A23B72315003CF94D /* Reachability.h */,
				93EFF43023B786BF00A4BC67 /* NetViewController.h */,
				93EFF43123B786BF00A4BC67 /* NetViewController.m */,
			);
			path = Reachability;
			sourceTree = "<group>";
		};
/* End PBXGroup section */

/* Begin PBXNativeTarget section */
		93440D1B23B722A0003CF94D /* GeekDemo */ = {
			isa = PBXNativeTarget;
			buildConfigurationList = 93440D3523B722A1003CF94D /* Build configuration list for PBXNativeTarget "GeekDemo" */;
			buildPhases = (
				93440D1823B722A0003CF94D /* Sources */,
				93440D1923B722A0003CF94D /* Frameworks */,
				93440D1A23B722A0003CF94D /* Resources */,
			);
			buildRules = (
			);
			dependencies = (
			);
			name = GeekDemo;
			productName = GeekDemo;
			productReference = 93440D1C23B722A0003CF94D /* GeekDemo.app */;
			productType = "com.apple.product-type.application";
		};
/* End PBXNativeTarget section */

/* Begin PBXProject section */
		93440D1423B722A0003CF94D /* Project object */ = {
			isa = PBXProject;
			attributes = {
				LastUpgradeCheck = 1130;
				ORGANIZATIONNAME = Geek;
				TargetAttributes = {
					93440D1B23B722A0003CF94D = {
						CreatedOnToolsVersion = 11.3;
					};
				};
			};
			buildConfigurationList = 93440D1723B722A0003CF94D /* Build configuration list for PBXProject "GeekDemo" */;
			compatibilityVersion = "Xcode 9.3";
			developmentRegion = en;
			hasScannedForEncodings = 0;
			knownRegions = (
				en,
				Base,
			);
			mainGroup = 93440D1323B722A0003CF94D;
			productRefGroup = 93440D1D23B722A0003CF94D /* Products */;
			projectDirPath = "";
			projectRoot = "";
			targets = (
				93440D1B23B722A0003CF94D /* GeekDemo */,
			);
		};
/* End PBXProject section */

/* Begin PBXResourcesBuildPhase section */
		93440D1A23B722A0003CF94D /* Resources */ = {
			isa = PBXResourcesBuildPhase;
			buildActionMask = 2147483647;
			files = (
				93440D2F23B722A1003CF94D /* LaunchScreen.storyboard in Resources */,
				93440D4023B72343003CF94D /* ViewController.xib in Resources */,
				93440D2C23B722A1003CF94D /* Assets.xcassets in Resources */,
			);
			runOnlyForDeploymentPostprocessing = 0;
		};
/* End PBXResourcesBuildPhase section */

/* Begin PBXSourcesBuildPhase section */
		93440D1823B722A0003CF94D /* Sources */ = {
			isa = PBXSourcesBuildPhase;
			buildActionMask = 2147483647;
			files = (
				93440D2123B722A0003CF94D /* AppDelegate.m in Sources */,
				93440D3B23B72315003CF94D /* Reachability.m in Sources */,
				93440D3F23B72343003CF94D /* ViewController.m in Sources */,
				93EFF43323B786BF00A4BC67 /* NetViewController.m in Sources */,
				93440D3223B722A1003CF94D /* main.m in Sources */,
			);
			runOnlyForDeploymentPostprocessing = 0;
		};
/* End PBXSourcesBuildPhase section */

/* Begin PBXVariantGroup section */
		93440D2D23B722A1003CF94D /* LaunchScreen.storyboard */ = {
			isa = PBXVariantGroup;
			children = (
				93440D2E23B722A1003CF94D /* Base */,
			);
			name = LaunchScreen.storyboard;
			sourceTree = "<group>";
		};
/* End PBXVariantGroup section */

/* Begin XCBuildConfiguration section */
		93440D3323B722A1003CF94D /* Debug */ = {
			isa = XCBuildConfiguration;
			buildSettings = {
				ALWAYS_SEARCH_USER_PATHS = NO;
				CLANG_ANALYZER_NONNULL = YES;
				CLANG_ANALYZER_NUMBER_OBJECT_CONVERSION = YES_AGGRESSIVE;
				CLANG_CXX_LANGUAGE_STANDARD = "gnu++14";
				CLANG_CXX_LIBRARY = "libc++";
				CLANG_ENABLE_MODULES = YES;
				CLANG_ENABLE_OBJC_ARC = YES;
				CLANG_ENABLE_OBJC_WEAK = YES;
				CLANG_WARN_BLOCK_CAPTURE_AUTORELEASING = YES;
				CLANG_WARN_BOOL_CONVERSION = YES;
				CLANG_WARN_COMMA = YES;
				CLANG_WARN_CONSTANT_CONVERSION = YES;
				CLANG_WARN_DEPRECATED_OBJC_IMPLEMENTATIONS = YES;
				CLANG_WARN_DIRECT_OBJC_ISA_USAGE = YES_ERROR;
				CLANG_WARN_DOCUMENTATION_COMMENTS = YES;
				CLANG_WARN_EMPTY_BODY = YES;
				CLANG_WARN_ENUM_CONVERSION = YES;
				CLANG_WARN_INFINITE_RECURSION = YES;
				CLANG_WARN_INT_CONVERSION = YES;
				CLANG_WARN_NON_LITERAL_NULL_CONVERSION = YES;
				CLANG_WARN_OBJC_IMPLICIT_RETAIN_SELF = YES;
				CLANG_WARN_OBJC_LITERAL_CONVERSION = YES;
				CLANG_WARN_OBJC_ROOT_CLASS = YES_ERROR;
				CLANG_WARN_RANGE_LOOP_ANALYSIS = YES;
				CLANG_WARN_STRICT_PROTOTYPES = YES;
				CLANG_WARN_SUSPICIOUS_MOVE = YES;
				CLANG_WARN_UNGUARDED_AVAILABILITY = YES_AGGRESSIVE;
				CLANG_WARN_UNREACHABLE_CODE = YES;
				CLANG_WARN__DUPLICATE_METHOD_MATCH = YES;
				COPY_PHASE_STRIP = NO;
				DEBUG_INFORMATION_FORMAT = dwarf;
				ENABLE_STRICT_OBJC_MSGSEND = YES;
				ENABLE_TESTABILITY = YES;
				GCC_C_LANGUAGE_STANDARD = gnu11;
				GCC_DYNAMIC_NO_PIC = NO;
				GCC_NO_COMMON_BLOCKS = YES;
				GCC_OPTIMIZATION_LEVEL = 0;
				GCC_PREPROCESSOR_DEFINITIONS = (
					"DEBUG=1",
					"$(inherited)",
				);
				GCC_WARN_64_TO_32_BIT_CONVERSION = YES;
				GCC_WARN_ABOUT_RETURN_TYPE = YES_ERROR;
				GCC_WARN_UNDECLARED_SELECTOR = YES;
				GCC_WARN_UNINITIALIZED_AUTOS = YES_AGGRESSIVE;
				GCC_WARN_UNUSED_FUNCTION = YES;
				GCC_WARN_UNUSED_VARIABLE = YES;
				IPHONEOS_DEPLOYMENT_TARGET = 13.2;
				MTL_ENABLE_DEBUG_INFO = INCLUDE_SOURCE;
				MTL_FAST_MATH = YES;
				ONLY_ACTIVE_ARCH = YES;
				SDKROOT = iphoneos;
			};
			name = Debug;
		};
		93440D3423B722A1003CF94D /* Release */ = {
			isa = XCBuildConfiguration;
			buildSettings = {
				ALWAYS_SEARCH_USER_PATHS = NO;
				CLANG_ANALYZER_NONNULL = YES;
				CLANG_ANALYZER_NUMBER_OBJECT_CONVERSION = YES_AGGRESSIVE;
				CLANG_CXX_LANGUAGE_STANDARD = "gnu++14";
				CLANG_CXX_LIBRARY = "libc++";
				CLANG_ENABLE_MODULES = YES;
				CLANG_ENABLE_OBJC_ARC = YES;
				CLANG_ENABLE_OBJC_WEAK = YES;
				CLANG_WARN_BLOCK_CAPTURE_AUTORELEASING = YES;
				CLANG_WARN_BOOL_CONVERSION = YES;
				CLANG_WARN_COMMA = YES;
				CLANG_WARN_CONSTANT_CONVERSION = YES;
				CLANG_WARN_DEPRECATED_OBJC_IMPLEMENTATIONS = YES;
				CLANG_WARN_DIRECT_OBJC_ISA_USAGE = YES_ERROR;
				CLANG_WARN_DOCUMENTATION_COMMENTS = YES;
				CLANG_WARN_EMPTY_BODY = YES;
				CLANG_WARN_ENUM_CONVERSION = YES;
				CLANG_WARN_INFINITE_RECURSION = YES;
				CLANG_WARN_INT_CONVERSION = YES;
				CLANG_WARN_NON_LITERAL_NULL_CONVERSION = YES;
				CLANG_WARN_OBJC_IMPLICIT_RETAIN_SELF = YES;
				CLANG_WARN_OBJC_LITERAL_CONVERSION = YES;
				CLANG_WARN_OBJC_ROOT_CLASS = YES_ERROR;
				CLANG_WARN_RANGE_LOOP_ANALYSIS = YES;
				CLANG_WARN_STRICT_PROTOTYPES = YES;
				CLANG_WARN_SUSPICIOUS_MOVE = YES;
				CLANG_WARN_UNGUARDED_AVAILABILITY = YES_AGGRESSIVE;
				CLANG_WARN_UNREACHABLE_CODE = YES;
				CLANG_WARN__DUPLICATE_METHOD_MATCH = YES;
				COPY_PHASE_STRIP = NO;
				DEBUG_INFORMATION_FORMAT = "dwarf-with-dsym";
				ENABLE_NS_ASSERTIONS = NO;
				ENABLE_STRICT_OBJC_MSGSEND = YES;
				GCC_C_LANGUAGE_STANDARD = gnu11;
				GCC_NO_COMMON_BLOCKS = YES;
				GCC_WARN_64_TO_32_BIT_CONVERSION = YES;
				GCC_WARN_ABOUT_RETURN_TYPE = YES_ERROR;
				GCC_WARN_UNDECLARED_SELECTOR = YES;
				GCC_WARN_UNINITIALIZED_AUTOS = YES_AGGRESSIVE;
				GCC_WARN_UNUSED_FUNCTION = YES;
				GCC_WARN_UNUSED_VARIABLE = YES;
				IPHONEOS_DEPLOYMENT_TARGET = 13.2;
				MTL_ENABLE_DEBUG_INFO = NO;
				MTL_FAST_MATH = YES;
				SDKROOT = iphoneos;
				VALIDATE_PRODUCT = YES;
			};
			name = Release;
		};
		93440D3623B722A1003CF94D /* Debug */ = {
			isa = XCBuildConfiguration;
			buildSettings = {
				ASSETCATALOG_COMPILER_APPICON_NAME = AppIcon;
				CODE_SIGN_STYLE = Automatic;
				DEVELOPMENT_TEAM = 2U94TLD4SJ;
				INFOPLIST_FILE = GeekDemo/Info.plist;
				LD_RUNPATH_SEARCH_PATHS = (
					"$(inherited)",
					"@executable_path/Frameworks",
				);
				PRODUCT_BUNDLE_IDENTIFIER = Dio.GeekDemo;
				PRODUCT_NAME = "$(TARGET_NAME)";
				TARGETED_DEVICE_FAMILY = "1,2";
			};
			name = Debug;
		};
		93440D3723B722A1003CF94D /* Release */ = {
			isa = XCBuildConfiguration;
			buildSettings = {
				ASSETCATALOG_COMPILER_APPICON_NAME = AppIcon;
				CODE_SIGN_STYLE = Automatic;
				DEVELOPMENT_TEAM = 2U94TLD4SJ;
				INFOPLIST_FILE = GeekDemo/Info.plist;
				LD_RUNPATH_SEARCH_PATHS = (
					"$(inherited)",
					"@executable_path/Frameworks",
				);
				PRODUCT_BUNDLE_IDENTIFIER = Dio.GeekDemo;
				PRODUCT_NAME = "$(TARGET_NAME)";
				TARGETED_DEVICE_FAMILY = "1,2";
			};
			name = Release;
		};
/* End XCBuildConfiguration section */

/* Begin XCConfigurationList section */
		93440D1723B722A0003CF94D /* Build configuration list for PBXProject "GeekDemo" */ = {
			isa = XCConfigurationList;
			buildConfigurations = (
				93440D3323B722A1003CF94D /* Debug */,
				93440D3423B722A1003CF94D /* Release */,
			);
			defaultConfigurationIsVisible = 0;
			defaultConfigurationName = Release;
		};
		93440D3523B722A1003CF94D /* Build configuration list for PBXNativeTarget "GeekDemo" */ = {
			isa = XCConfigurationList;
			buildConfigurations = (
				93440D3623B722A1003CF94D /* Debug */,
				93440D3723B722A1003CF94D /* Release */,
			);
			defaultConfigurationIsVisible = 0;
			defaultConfigurationName = Release;
		};
/* End XCConfigurationList section */
	};
	rootObject = 93440D1423B722A0003CF94D /* Project object */;
}
